
Microsoft Visual Studio Solution File, Format Version 12.00
# Visual Studio Version 16
VisualStudioVersion = 16.0.31702.278
MinimumVisualStudioVersion = 10.0.40219.1
Project("{151D2E53-A2C4-4D7D-83FE-D05416EBD58E}") = "MyLogicApp", "MyLogicApp\MyLogicApp.deployproj", "{F76FBF72-F72C-45D2-8AA7-DD9672921E2D}"
EndProject
Global
	GlobalSection(SolutionConfigurationPlatforms) = preSolution
		Debug|Any CPU = Debug|Any CPU
		Release|Any CPU = Release|Any CPU
	EndGlobalSection
	GlobalSection(ProjectConfigurationPlatforms) = postSolution
		{F76FBF72-F72C-45D2-8AA7-DD9672921E2D}.Debug|Any CPU.ActiveCfg = Debug|Any CPU
		{F76FBF72-F72C-45D2-8AA7-DD9672921E2D}.Debug|Any CPU.Build.0 = Debug|Any CPU
		{F76FBF72-F72C-45D2-8AA7-DD9672921E2D}.Release|Any CPU.ActiveCfg = Release|Any CPU
		{F76FBF72-F72C-45D2-8AA7-DD9672921E2D}.Release|Any CPU.Build.0 = Release|Any CPU
	EndGlobalSection
	GlobalSection(SolutionProperties) = preSolution
		HideSolutionNode = FALSE
	EndGlobalSection
	GlobalSection(ExtensibilityGlobals) = postSolution
		SolutionGuid = {3ACF03B9-E74E-4A8F-8CFD-5D6831159E21}
	EndGlobalSection
EndGlobal
